
Microsoft Visual Studio Solution File, Format Version 12.00
# Visual Studio Version 17
VisualStudioVersion = 17.13.35825.156 d17.13
MinimumVisualStudioVersion = 10.0.40219.1
Project("{FAE04EC0-301F-11D3-BF4B-00C04F79EFBC}") = "bd", "bd\bd.csproj", "{BAB33781-71D6-47AB-9705-805D7477553D}"
EndProject
Global
	GlobalSection(SolutionConfigurationPlatforms) = preSolution
		Debug|Any CPU = Debug|Any CPU
		Release|Any CPU = Release|Any CPU
	EndGlobalSection
	GlobalSection(ProjectConfigurationPlatforms) = postSolution
		{BAB33781-71D6-47AB-9705-805D7477553D}.Debug|Any CPU.ActiveCfg = Debug|Any CPU
		{BAB33781-71D6-47AB-9705-805D7477553D}.Debug|Any CPU.Build.0 = Debug|Any CPU
		{BAB33781-71D6-47AB-9705-805D7477553D}.Release|Any CPU.ActiveCfg = Release|Any CPU
		{BAB33781-71D6-47AB-9705-805D7477553D}.Release|Any CPU.Build.0 = Release|Any CPU
	EndGlobalSection
	GlobalSection(SolutionProperties) = preSolution
		HideSolutionNode = FALSE
	EndGlobalSection
	GlobalSection(ExtensibilityGlobals) = postSolution
		SolutionGuid = {169BBDDF-5BE5-48DC-B675-3FCEEA29B42E}
	EndGlobalSection
EndGlobal
